
Microsoft Visual Studio Solution File, Format Version 12.00
# Visual Studio Version 17
VisualStudioVersion = 17.14.36203.30
MinimumVisualStudioVersion = 10.0.40219.1
Project("{2150E333-8FDC-42A3-9474-1A3956D46DE8}") = "medium", "medium", "{6093CF4D-4BB5-463A-9980-1EF0BA397051}"
EndProject
Project("{FAE04EC0-301F-11D3-BF4B-00C04F79EFBC}") = "Knapsack", "medium\Knapsack\Knapsack.csproj", "{926442AC-7780-4290-8368-B2CA02A397A6}"
EndProject
Project("{2150E333-8FDC-42A3-9474-1A3956D46DE8}") = "easy", "easy", "{02EA681E-C7D8-13C7-8484-4AC65E1B71E8}"
EndProject
Project("{FAE04EC0-301F-11D3-BF4B-00C04F79EFBC}") = "SpaceAge", "easy\space-age\SpaceAge.csproj", "{29381EDA-7007-43B2-239E-EF78F79C13AA}"
EndProject
Project("{FAE04EC0-301F-11D3-BF4B-00C04F79EFBC}") = "Meetup", "medium\meetup\Meetup.csproj", "{CB1B1B4D-FE61-A820-F8C0-34761CFD2386}"
EndProject
Project("{FAE04EC0-301F-11D3-BF4B-00C04F79EFBC}") = "RomanNumerals", "medium\roman-numerals\RomanNumerals.csproj", "{6B2F81EE-CF0B-818C-06FE-469F286343AC}"
EndProject
Project("{FAE04EC0-301F-11D3-BF4B-00C04F79EFBC}") = "DifferenceOfSquares", "easy\difference-of-squares\DifferenceOfSquares.csproj", "{0F8B2ABC-4469-A19E-78BA-438A96B3FAD3}"
EndProject
Project("{FAE04EC0-301F-11D3-BF4B-00C04F79EFBC}") = "SaddlePoints", "medium\saddle-points\SaddlePoints.csproj", "{8D5F78F2-624F-F2A3-104A-983601946B9A}"
EndProject
Project("{FAE04EC0-301F-11D3-BF4B-00C04F79EFBC}") = "Bob", "medium\bob\Bob.csproj", "{B410357F-2726-DB8F-CBEE-3EE6DFF3FF03}"
EndProject
Project("{FAE04EC0-301F-11D3-BF4B-00C04F79EFBC}") = "PythagoreanTriplet", "medium\pythagorean-triplet\PythagoreanTriplet.csproj", "{09163A2B-8315-87C9-42B5-B06AF88E42BF}"
EndProject
Project("{FAE04EC0-301F-11D3-BF4B-00C04F79EFBC}") = "Triangle", "easy\triangle\Triangle.csproj", "{443C76FA-CC0D-D65B-7921-12E556D0E532}"
EndProject
Project("{FAE04EC0-301F-11D3-BF4B-00C04F79EFBC}") = "Darts", "easy\darts\Darts.csproj", "{B7447816-64A5-3086-2F4A-9C8A3C17ECDB}"
EndProject
Project("{FAE04EC0-301F-11D3-BF4B-00C04F79EFBC}") = "RailFenceCipher", "medium\rail-fence-cipher\RailFenceCipher.csproj", "{2DAF16D4-58EC-5520-A22B-E6108F85876B}"
EndProject
Global
	GlobalSection(SolutionConfigurationPlatforms) = preSolution
		Debug|Any CPU = Debug|Any CPU
		Release|Any CPU = Release|Any CPU
	EndGlobalSection
	GlobalSection(ProjectConfigurationPlatforms) = postSolution
		{926442AC-7780-4290-8368-B2CA02A397A6}.Debug|Any CPU.ActiveCfg = Debug|Any CPU
		{926442AC-7780-4290-8368-B2CA02A397A6}.Debug|Any CPU.Build.0 = Debug|Any CPU
		{926442AC-7780-4290-8368-B2CA02A397A6}.Release|Any CPU.ActiveCfg = Release|Any CPU
		{926442AC-7780-4290-8368-B2CA02A397A6}.Release|Any CPU.Build.0 = Release|Any CPU
		{29381EDA-7007-43B2-239E-EF78F79C13AA}.Debug|Any CPU.ActiveCfg = Debug|Any CPU
		{29381EDA-7007-43B2-239E-EF78F79C13AA}.Debug|Any CPU.Build.0 = Debug|Any CPU
		{29381EDA-7007-43B2-239E-EF78F79C13AA}.Release|Any CPU.ActiveCfg = Release|Any CPU
		{29381EDA-7007-43B2-239E-EF78F79C13AA}.Release|Any CPU.Build.0 = Release|Any CPU
		{CB1B1B4D-FE61-A820-F8C0-34761CFD2386}.Debug|Any CPU.ActiveCfg = Debug|Any CPU
		{CB1B1B4D-FE61-A820-F8C0-34761CFD2386}.Debug|Any CPU.Build.0 = Debug|Any CPU
		{CB1B1B4D-FE61-A820-F8C0-34761CFD2386}.Release|Any CPU.ActiveCfg = Release|Any CPU
		{CB1B1B4D-FE61-A820-F8C0-34761CFD2386}.Release|Any CPU.Build.0 = Release|Any CPU
		{6B2F81EE-CF0B-818C-06FE-469F286343AC}.Debug|Any CPU.ActiveCfg = Debug|Any CPU
		{6B2F81EE-CF0B-818C-06FE-469F286343AC}.Debug|Any CPU.Build.0 = Debug|Any CPU
		{6B2F81EE-CF0B-818C-06FE-469F286343AC}.Release|Any CPU.ActiveCfg = Release|Any CPU
		{6B2F81EE-CF0B-818C-06FE-469F286343AC}.Release|Any CPU.Build.0 = Release|Any CPU
		{0F8B2ABC-4469-A19E-78BA-438A96B3FAD3}.Debug|Any CPU.ActiveCfg = Debug|Any CPU
		{0F8B2ABC-4469-A19E-78BA-438A96B3FAD3}.Debug|Any CPU.Build.0 = Debug|Any CPU
		{0F8B2ABC-4469-A19E-78BA-438A96B3FAD3}.Release|Any CPU.ActiveCfg = Release|Any CPU
		{0F8B2ABC-4469-A19E-78BA-438A96B3FAD3}.Release|Any CPU.Build.0 = Release|Any CPU
		{8D5F78F2-624F-F2A3-104A-983601946B9A}.Debug|Any CPU.ActiveCfg = Debug|Any CPU
		{8D5F78F2-624F-F2A3-104A-983601946B9A}.Debug|Any CPU.Build.0 = Debug|Any CPU
		{8D5F78F2-624F-F2A3-104A-983601946B9A}.Release|Any CPU.ActiveCfg = Release|Any CPU
		{8D5F78F2-624F-F2A3-104A-983601946B9A}.Release|Any CPU.Build.0 = Release|Any CPU
		{B410357F-2726-DB8F-CBEE-3EE6DFF3FF03}.Debug|Any CPU.ActiveCfg = Debug|Any CPU
		{B410357F-2726-DB8F-CBEE-3EE6DFF3FF03}.Debug|Any CPU.Build.0 = Debug|Any CPU
		{B410357F-2726-DB8F-CBEE-3EE6DFF3FF03}.Release|Any CPU.ActiveCfg = Release|Any CPU
		{B410357F-2726-DB8F-CBEE-3EE6DFF3FF03}.Release|Any CPU.Build.0 = Release|Any CPU
		{09163A2B-8315-87C9-42B5-B06AF88E42BF}.Debug|Any CPU.ActiveCfg = Debug|Any CPU
		{09163A2B-8315-87C9-42B5-B06AF88E42BF}.Debug|Any CPU.Build.0 = Debug|Any CPU
		{09163A2B-8315-87C9-42B5-B06AF88E42BF}.Release|Any CPU.ActiveCfg = Release|Any CPU
		{09163A2B-8315-87C9-42B5-B06AF88E42BF}.Release|Any CPU.Build.0 = Release|Any CPU
		{443C76FA-CC0D-D65B-7921-12E556D0E532}.Debug|Any CPU.ActiveCfg = Debug|Any CPU
		{443C76FA-CC0D-D65B-7921-12E556D0E532}.Debug|Any CPU.Build.0 = Debug|Any CPU
		{443C76FA-CC0D-D65B-7921-12E556D0E532}.Release|Any CPU.ActiveCfg = Release|Any CPU
		{443C76FA-CC0D-D65B-7921-12E556D0E532}.Release|Any CPU.Build.0 = Release|Any CPU
		{B7447816-64A5-3086-2F4A-9C8A3C17ECDB}.Debug|Any CPU.ActiveCfg = Debug|Any CPU
		{B7447816-64A5-3086-2F4A-9C8A3C17ECDB}.Debug|Any CPU.Build.0 = Debug|Any CPU
		{B7447816-64A5-3086-2F4A-9C8A3C17ECDB}.Release|Any CPU.ActiveCfg = Release|Any CPU
		{B7447816-64A5-3086-2F4A-9C8A3C17ECDB}.Release|Any CPU.Build.0 = Release|Any CPU
		{2DAF16D4-58EC-5520-A22B-E6108F85876B}.Debug|Any CPU.ActiveCfg = Debug|Any CPU
		{2DAF16D4-58EC-5520-A22B-E6108F85876B}.Debug|Any CPU.Build.0 = Debug|Any CPU
		{2DAF16D4-58EC-5520-A22B-E6108F85876B}.Release|Any CPU.ActiveCfg = Release|Any CPU
		{2DAF16D4-58EC-5520-A22B-E6108F85876B}.Release|Any CPU.Build.0 = Release|Any CPU
	EndGlobalSection
	GlobalSection(SolutionProperties) = preSolution
		HideSolutionNode = FALSE
	EndGlobalSection
	GlobalSection(NestedProjects) = preSolution
		{926442AC-7780-4290-8368-B2CA02A397A6} = {6093CF4D-4BB5-463A-9980-1EF0BA397051}
		{29381EDA-7007-43B2-239E-EF78F79C13AA} = {02EA681E-C7D8-13C7-8484-4AC65E1B71E8}
		{CB1B1B4D-FE61-A820-F8C0-34761CFD2386} = {6093CF4D-4BB5-463A-9980-1EF0BA397051}
		{6B2F81EE-CF0B-818C-06FE-469F286343AC} = {6093CF4D-4BB5-463A-9980-1EF0BA397051}
		{0F8B2ABC-4469-A19E-78BA-438A96B3FAD3} = {02EA681E-C7D8-13C7-8484-4AC65E1B71E8}
		{8D5F78F2-624F-F2A3-104A-983601946B9A} = {6093CF4D-4BB5-463A-9980-1EF0BA397051}
		{B410357F-2726-DB8F-CBEE-3EE6DFF3FF03} = {6093CF4D-4BB5-463A-9980-1EF0BA397051}
		{09163A2B-8315-87C9-42B5-B06AF88E42BF} = {6093CF4D-4BB5-463A-9980-1EF0BA397051}
		{443C76FA-CC0D-D65B-7921-12E556D0E532} = {02EA681E-C7D8-13C7-8484-4AC65E1B71E8}
		{B7447816-64A5-3086-2F4A-9C8A3C17ECDB} = {02EA681E-C7D8-13C7-8484-4AC65E1B71E8}
		{2DAF16D4-58EC-5520-A22B-E6108F85876B} = {6093CF4D-4BB5-463A-9980-1EF0BA397051}
	EndGlobalSection
	GlobalSection(ExtensibilityGlobals) = postSolution
		SolutionGuid = {A1026A9F-DEEC-4D5E-9835-926B32ED1CA5}
	EndGlobalSection
EndGlobal
